
Microsoft Visual Studio Solution File, Format Version 12.00
# Visual Studio Version 17
VisualStudioVersion = 17.7.34221.43
MinimumVisualStudioVersion = 10.0.40219.1
Project("{888888A0-9F3D-457C-B088-3A5042F75D52}") = "OPENCV fotodiagonals", "OPENCV fotodiagonals.pyproj", "{A8E4ADC7-BA34-4385-BA26-94AFE1F98C7B}"
EndProject
Global
	GlobalSection(SolutionConfigurationPlatforms) = preSolution
		Debug|Any CPU = Debug|Any CPU
		Release|Any CPU = Release|Any CPU
	EndGlobalSection
	GlobalSection(ProjectConfigurationPlatforms) = postSolution
		{A8E4ADC7-BA34-4385-BA26-94AFE1F98C7B}.Debug|Any CPU.ActiveCfg = Debug|Any CPU
		{A8E4ADC7-BA34-4385-BA26-94AFE1F98C7B}.Release|Any CPU.ActiveCfg = Release|Any CPU
	EndGlobalSection
	GlobalSection(SolutionProperties) = preSolution
		HideSolutionNode = FALSE
	EndGlobalSection
	GlobalSection(ExtensibilityGlobals) = postSolution
		SolutionGuid = {B8791CF8-BFF6-45D3-B650-70F33A786338}
	EndGlobalSection
EndGlobal
